// !$*UTF8*$!
{
	archiveVersion = 1;
	classes = {
	};
	objectVersion = 56;
	objects = {

/* Begin PBXBuildFile section */
		9E049867298F4B7E00E327EA /* RetainCycleViewController.swift in Sources */ = {isa = PBXBuildFile; fileRef = 9E049866298F4B7E00E327EA /* RetainCycleViewController.swift */; };
		9E29205C29871DD5002FB8E0 /* ChungusLaunchScreen.storyboard in Resources */ = {isa = PBXBuildFile; fileRef = 9E29205B29871DD5002FB8E0 /* ChungusLaunchScreen.storyboard */; };
		9E29205F29871F01002FB8E0 /* IBOutletVC.storyboard in Resources */ = {isa = PBXBuildFile; fileRef = 9E29205E29871F01002FB8E0 /* IBOutletVC.storyboard */; };
		9E29206129871F4B002FB8E0 /* IBOutletViewController.swift in Sources */ = {isa = PBXBuildFile; fileRef = 9E29206029871F4B002FB8E0 /* IBOutletViewController.swift */; };
		9E292064298724A0002FB8E0 /* FirstObserverViewController.swift in Sources */ = {isa = PBXBuildFile; fileRef = 9E292063298724A0002FB8E0 /* FirstObserverViewController.swift */; };
		9E292066298724B1002FB8E0 /* SecondObserverViewController.swift in Sources */ = {isa = PBXBuildFile; fileRef = 9E292065298724B1002FB8E0 /* SecondObserverViewController.swift */; };
		9E292068298724BE002FB8E0 /* ThirdObserverViewController.swift in Sources */ = {isa = PBXBuildFile; fileRef = 9E292067298724BE002FB8E0 /* ThirdObserverViewController.swift */; };
		9E4AA351298760D400A97619 /* DelegateCommunicationVC.storyboard in Resources */ = {isa = PBXBuildFile; fileRef = 9E4AA350298760D400A97619 /* DelegateCommunicationVC.storyboard */; };
		9E4AA353298760FC00A97619 /* BulbViewController.swift in Sources */ = {isa = PBXBuildFile; fileRef = 9E4AA352298760FC00A97619 /* BulbViewController.swift */; };
		9E4AA3552987610A00A97619 /* BulbSwitchViewController.swift in Sources */ = {isa = PBXBuildFile; fileRef = 9E4AA3542987610A00A97619 /* BulbSwitchViewController.swift */; };
		9E51F2E4298C836E00AB0895 /* MovieCollectionViewCell.swift in Sources */ = {isa = PBXBuildFile; fileRef = 9E51F2E3298C836E00AB0895 /* MovieCollectionViewCell.swift */; };
		9E51F2E7298C858800AB0895 /* ConcurrencyVC.storyboard in Resources */ = {isa = PBXBuildFile; fileRef = 9E51F2E6298C858800AB0895 /* ConcurrencyVC.storyboard */; };
		9E51F2E9298C85DF00AB0895 /* ConcurrencyViewController.swift in Sources */ = {isa = PBXBuildFile; fileRef = 9E51F2E8298C85DF00AB0895 /* ConcurrencyViewController.swift */; };
		9E5C70A129889857009AB255 /* ScrollViewAutoLayoutVC.storyboard in Resources */ = {isa = PBXBuildFile; fileRef = 9E5C70A029889857009AB255 /* ScrollViewAutoLayoutVC.storyboard */; };
		9E5C70A42988A247009AB255 /* TableViewsVC.storyboard in Resources */ = {isa = PBXBuildFile; fileRef = 9E5C70A32988A247009AB255 /* TableViewsVC.storyboard */; };
		9E5C70A62988A294009AB255 /* TableViewsViewController.swift in Sources */ = {isa = PBXBuildFile; fileRef = 9E5C70A52988A294009AB255 /* TableViewsViewController.swift */; };
		9EB6AFB52987163800E882A2 /* AppDelegate.swift in Sources */ = {isa = PBXBuildFile; fileRef = 9EB6AFB42987163800E882A2 /* AppDelegate.swift */; };
		9EB6AFB72987163800E882A2 /* SceneDelegate.swift in Sources */ = {isa = PBXBuildFile; fileRef = 9EB6AFB62987163800E882A2 /* SceneDelegate.swift */; };
		9EB6AFB92987163800E882A2 /* ViewController.swift in Sources */ = {isa = PBXBuildFile; fileRef = 9EB6AFB82987163800E882A2 /* ViewController.swift */; };
		9EB6AFBC2987163800E882A2 /* Main.storyboard in Resources */ = {isa = PBXBuildFile; fileRef = 9EB6AFBA2987163800E882A2 /* Main.storyboard */; };
		9EB6AFBE2987163900E882A2 /* Assets.xcassets in Resources */ = {isa = PBXBuildFile; fileRef = 9EB6AFBD2987163900E882A2 /* Assets.xcassets */; };
		9EB6AFC12987163900E882A2 /* LaunchScreen.storyboard in Resources */ = {isa = PBXBuildFile; fileRef = 9EB6AFBF2987163900E882A2 /* LaunchScreen.storyboard */; };
		9EB6AFCA298719F600E882A2 /* ObserverCommunicationNav.storyboard in Resources */ = {isa = PBXBuildFile; fileRef = 9EB6AFC9298719F600E882A2 /* ObserverCommunicationNav.storyboard */; };
		9EB6AFCF29871D0700E882A2 /* LoginPageViewController.storyboard in Resources */ = {isa = PBXBuildFile; fileRef = 9EB6AFCE29871D0700E882A2 /* LoginPageViewController.storyboard */; };
		9ECBA362298AC66800D2159A /* CollectionViewVC.storyboard in Resources */ = {isa = PBXBuildFile; fileRef = 9ECBA361298AC66800D2159A /* CollectionViewVC.storyboard */; };
		9ECBA364298AC7AD00D2159A /* CollectionViewViewController.swift in Sources */ = {isa = PBXBuildFile; fileRef = 9ECBA363298AC7AD00D2159A /* CollectionViewViewController.swift */; };
		9ECBA367298ACF1E00D2159A /* AssociatedValues.swift in Sources */ = {isa = PBXBuildFile; fileRef = 9ECBA366298ACF1E00D2159A /* AssociatedValues.swift */; };
		9ECBA36A298AD21600D2159A /* Subscripts.swift in Sources */ = {isa = PBXBuildFile; fileRef = 9ECBA369298AD21600D2159A /* Subscripts.swift */; };
		9ECBA36D298ADC7600D2159A /* Generics.swift in Sources */ = {isa = PBXBuildFile; fileRef = 9ECBA36C298ADC7600D2159A /* Generics.swift */; };
/* End PBXBuildFile section */

/* Begin PBXFileReference section */
		9E049866298F4B7E00E327EA /* RetainCycleViewController.swift */ = {isa = PBXFileReference; lastKnownFileType = sourcecode.swift; path = RetainCycleViewController.swift; sourceTree = "<group>"; };
		9E29205B29871DD5002FB8E0 /* ChungusLaunchScreen.storyboard */ = {isa = PBXFileReference; lastKnownFileType = file.storyboard; path = ChungusLaunchScreen.storyboard; sourceTree = "<group>"; };
		9E29205E29871F01002FB8E0 /* IBOutletVC.storyboard */ = {isa = PBXFileReference; lastKnownFileType = file.storyboard; path = IBOutletVC.storyboard; sourceTree = "<group>"; };
		9E29206029871F4B002FB8E0 /* IBOutletViewController.swift */ = {isa = PBXFileReference; lastKnownFileType = sourcecode.swift; path = IBOutletViewController.swift; sourceTree = "<group>"; };
		9E292063298724A0002FB8E0 /* FirstObserverViewController.swift */ = {isa = PBXFileReference; lastKnownFileType = sourcecode.swift; path = FirstObserverViewController.swift; sourceTree = "<group>"; };
		9E292065298724B1002FB8E0 /* SecondObserverViewController.swift */ = {isa = PBXFileReference; lastKnownFileType = sourcecode.swift; path = SecondObserverViewController.swift; sourceTree = "<group>"; };
		9E292067298724BE002FB8E0 /* ThirdObserverViewController.swift */ = {isa = PBXFileReference; lastKnownFileType = sourcecode.swift; path = ThirdObserverViewController.swift; sourceTree = "<group>"; };
		9E4AA350298760D400A97619 /* DelegateCommunicationVC.storyboard */ = {isa = PBXFileReference; lastKnownFileType = file.storyboard; path = DelegateCommunicationVC.storyboard; sourceTree = "<group>"; };
		9E4AA352298760FC00A97619 /* BulbViewController.swift */ = {isa = PBXFileReference; lastKnownFileType = sourcecode.swift; path = BulbViewController.swift; sourceTree = "<group>"; };
		9E4AA3542987610A00A97619 /* BulbSwitchViewController.swift */ = {isa = PBXFileReference; lastKnownFileType = sourcecode.swift; path = BulbSwitchViewController.swift; sourceTree = "<group>"; };
		9E51F2E3298C836E00AB0895 /* MovieCollectionViewCell.swift */ = {isa = PBXFileReference; lastKnownFileType = sourcecode.swift; path = MovieCollectionViewCell.swift; sourceTree = "<group>"; };
		9E51F2E6298C858800AB0895 /* ConcurrencyVC.storyboard */ = {isa = PBXFileReference; lastKnownFileType = file.storyboard; path = ConcurrencyVC.storyboard; sourceTree = "<group>"; };
		9E51F2E8298C85DF00AB0895 /* ConcurrencyViewController.swift */ = {isa = PBXFileReference; lastKnownFileType = sourcecode.swift; path = ConcurrencyViewController.swift; sourceTree = "<group>"; };
		9E5C70A029889857009AB255 /* ScrollViewAutoLayoutVC.storyboard */ = {isa = PBXFileReference; lastKnownFileType = file.storyboard; path = ScrollViewAutoLayoutVC.storyboard; sourceTree = "<group>"; };
		9E5C70A32988A247009AB255 /* TableViewsVC.storyboard */ = {isa = PBXFileReference; lastKnownFileType = file.storyboard; path = TableViewsVC.storyboard; sourceTree = "<group>"; };
		9E5C70A52988A294009AB255 /* TableViewsViewController.swift */ = {isa = PBXFileReference; lastKnownFileType = sourcecode.swift; path = TableViewsViewController.swift; sourceTree = "<group>"; };
		9EB6AFB12987163800E882A2 /* SwiftLessonsPlaylist.app */ = {isa = PBXFileReference; explicitFileType = wrapper.application; includeInIndex = 0; path = SwiftLessonsPlaylist.app; sourceTree = BUILT_PRODUCTS_DIR; };
		9EB6AFB42987163800E882A2 /* AppDelegate.swift */ = {isa = PBXFileReference; lastKnownFileType = sourcecode.swift; path = AppDelegate.swift; sourceTree = "<group>"; };
		9EB6AFB62987163800E882A2 /* SceneDelegate.swift */ = {isa = PBXFileReference; lastKnownFileType = sourcecode.swift; path = SceneDelegate.swift; sourceTree = "<group>"; };
		9EB6AFB82987163800E882A2 /* ViewController.swift */ = {isa = PBXFileReference; lastKnownFileType = sourcecode.swift; path = ViewController.swift; sourceTree = "<group>"; };
		9EB6AFBB2987163800E882A2 /* Base */ = {isa = PBXFileReference; lastKnownFileType = file.storyboard; name = Base; path = Base.lproj/Main.storyboard; sourceTree = "<group>"; };
		9EB6AFBD2987163900E882A2 /* Assets.xcassets */ = {isa = PBXFileReference; lastKnownFileType = folder.assetcatalog; path = Assets.xcassets; sourceTree = "<group>"; };
		9EB6AFC02987163900E882A2 /* Base */ = {isa = PBXFileReference; lastKnownFileType = file.storyboard; name = Base; path = Base.lproj/LaunchScreen.storyboard; sourceTree = "<group>"; };
		9EB6AFC22987163900E882A2 /* Info.plist */ = {isa = PBXFileReference; lastKnownFileType = text.plist.xml; path = Info.plist; sourceTree = "<group>"; };
		9EB6AFC9298719F600E882A2 /* ObserverCommunicationNav.storyboard */ = {isa = PBXFileReference; lastKnownFileType = file.storyboard; path = ObserverCommunicationNav.storyboard; sourceTree = "<group>"; };
		9EB6AFCE29871D0700E882A2 /* LoginPageViewController.storyboard */ = {isa = PBXFileReference; lastKnownFileType = file.storyboard; path = LoginPageViewController.storyboard; sourceTree = "<group>"; };
		9ECBA361298AC66800D2159A /* CollectionViewVC.storyboard */ = {isa = PBXFileReference; lastKnownFileType = file.storyboard; path = CollectionViewVC.storyboard; sourceTree = "<group>"; };
		9ECBA363298AC7AD00D2159A /* CollectionViewViewController.swift */ = {isa = PBXFileReference; lastKnownFileType = sourcecode.swift; path = CollectionViewViewController.swift; sourceTree = "<group>"; };
		9ECBA366298ACF1E00D2159A /* AssociatedValues.swift */ = {isa = PBXFileReference; lastKnownFileType = sourcecode.swift; path = AssociatedValues.swift; sourceTree = "<group>"; };
		9ECBA369298AD21600D2159A /* Subscripts.swift */ = {isa = PBXFileReference; lastKnownFileType = sourcecode.swift; path = Subscripts.swift; sourceTree = "<group>"; };
		9ECBA36C298ADC7600D2159A /* Generics.swift */ = {isa = PBXFileReference; lastKnownFileType = sourcecode.swift; path = Generics.swift; sourceTree = "<group>"; };
/* End PBXFileReference section */

/* Begin PBXFrameworksBuildPhase section */
		9EB6AFAE2987163800E882A2 /* Frameworks */ = {
			isa = PBXFrameworksBuildPhase;
			buildActionMask = 2147483647;
			files = (
			);
			runOnlyForDeploymentPostprocessing = 0;
		};
/* End PBXFrameworksBuildPhase section */

/* Begin PBXGroup section */
		9E049865298F4B3800E327EA /* iOS16RetainCycle */ = {
			isa = PBXGroup;
			children = (
				9E049866298F4B7E00E327EA /* RetainCycleViewController.swift */,
			);
			path = iOS16RetainCycle;
			sourceTree = "<group>";
		};
		9E29205D29871ECA002FB8E0 /* iOS04IBOutlet */ = {
			isa = PBXGroup;
			children = (
				9E29205E29871F01002FB8E0 /* IBOutletVC.storyboard */,
				9E29206029871F4B002FB8E0 /* IBOutletViewController.swift */,
			);
			path = iOS04IBOutlet;
			sourceTree = "<group>";
		};
		9E4AA34F2987600A00A97619 /* iOS08DelegateCommunication */ = {
			isa = PBXGroup;
			children = (
				9E4AA350298760D400A97619 /* DelegateCommunicationVC.storyboard */,
				9E4AA352298760FC00A97619 /* BulbViewController.swift */,
				9E4AA3542987610A00A97619 /* BulbSwitchViewController.swift */,
			);
			path = iOS08DelegateCommunication;
			sourceTree = "<group>";
		};
		9E51F2E5298C838800AB0895 /* iOS15Concurrency */ = {
			isa = PBXGroup;
			children = (
				9E51F2E6298C858800AB0895 /* ConcurrencyVC.storyboard */,
				9E51F2E8298C85DF00AB0895 /* ConcurrencyViewController.swift */,
			);
			path = iOS15Concurrency;
			sourceTree = "<group>";
		};
		9E5C709F29889826009AB255 /* iOS09ScrollViewAutoLayout */ = {
			isa = PBXGroup;
			children = (
				9E5C70A029889857009AB255 /* ScrollViewAutoLayoutVC.storyboard */,
			);
			path = iOS09ScrollViewAutoLayout;
			sourceTree = "<group>";
		};
		9E5C70A22988A169009AB255 /* iOS10TableViews */ = {
			isa = PBXGroup;
			children = (
				9E5C70A32988A247009AB255 /* TableViewsVC.storyboard */,
				9E5C70A52988A294009AB255 /* TableViewsViewController.swift */,
			);
			path = iOS10TableViews;
			sourceTree = "<group>";
		};
		9EB6AFA82987163800E882A2 = {
			isa = PBXGroup;
			children = (
				9EB6AFB32987163800E882A2 /* SwiftLessonsPlaylist */,
				9EB6AFB22987163800E882A2 /* Products */,
			);
			sourceTree = "<group>";
		};
		9EB6AFB22987163800E882A2 /* Products */ = {
			isa = PBXGroup;
			children = (
				9EB6AFB12987163800E882A2 /* SwiftLessonsPlaylist.app */,
			);
			name = Products;
			sourceTree = "<group>";
		};
		9EB6AFB32987163800E882A2 /* SwiftLessonsPlaylist */ = {
			isa = PBXGroup;
			children = (
				9EB6AFCB29871C5400E882A2 /* iOS02LoginScreen */,
				9E29205D29871ECA002FB8E0 /* iOS04IBOutlet */,
				9EB6AFC82987178F00E882A2 /* iOS07ObserverCommunication */,
				9E4AA34F2987600A00A97619 /* iOS08DelegateCommunication */,
				9E5C709F29889826009AB255 /* iOS09ScrollViewAutoLayout */,
				9E5C70A22988A169009AB255 /* iOS10TableViews */,
				9ECBA360298AC64200D2159A /* iOS11CollectionViews */,
				9ECBA365298ACF0900D2159A /* iOS12AssociatedValues */,
				9ECBA368298AD1FE00D2159A /* iOS13Subscripts */,
				9ECBA36B298ADC6200D2159A /* iOS14Generics */,
				9E51F2E5298C838800AB0895 /* iOS15Concurrency */,
				9E049865298F4B3800E327EA /* iOS16RetainCycle */,
				9EB6AFB42987163800E882A2 /* AppDelegate.swift */,
				9EB6AFB62987163800E882A2 /* SceneDelegate.swift */,
				9EB6AFB82987163800E882A2 /* ViewController.swift */,
				9EB6AFBA2987163800E882A2 /* Main.storyboard */,
				9EB6AFBD2987163900E882A2 /* Assets.xcassets */,
				9EB6AFBF2987163900E882A2 /* LaunchScreen.storyboard */,
				9EB6AFC22987163900E882A2 /* Info.plist */,
			);
			path = SwiftLessonsPlaylist;
			sourceTree = "<group>";
		};
		9EB6AFC82987178F00E882A2 /* iOS07ObserverCommunication */ = {
			isa = PBXGroup;
			children = (
				9EB6AFC9298719F600E882A2 /* ObserverCommunicationNav.storyboard */,
				9E292063298724A0002FB8E0 /* FirstObserverViewController.swift */,
				9E292065298724B1002FB8E0 /* SecondObserverViewController.swift */,
				9E292067298724BE002FB8E0 /* ThirdObserverViewController.swift */,
			);
			path = iOS07ObserverCommunication;
			sourceTree = "<group>";
		};
		9EB6AFCB29871C5400E882A2 /* iOS02LoginScreen */ = {
			isa = PBXGroup;
			children = (
				9EB6AFCE29871D0700E882A2 /* LoginPageViewController.storyboard */,
				9E29205B29871DD5002FB8E0 /* ChungusLaunchScreen.storyboard */,
			);
			path = iOS02LoginScreen;
			sourceTree = "<group>";
		};
		9ECBA360298AC64200D2159A /* iOS11CollectionViews */ = {
			isa = PBXGroup;
			children = (
				9ECBA361298AC66800D2159A /* CollectionViewVC.storyboard */,
				9ECBA363298AC7AD00D2159A /* CollectionViewViewController.swift */,
				9E51F2E3298C836E00AB0895 /* MovieCollectionViewCell.swift */,
			);
			path = iOS11CollectionViews;
			sourceTree = "<group>";
		};
		9ECBA365298ACF0900D2159A /* iOS12AssociatedValues */ = {
			isa = PBXGroup;
			children = (
				9ECBA366298ACF1E00D2159A /* AssociatedValues.swift */,
			);
			path = iOS12AssociatedValues;
			sourceTree = "<group>";
		};
		9ECBA368298AD1FE00D2159A /* iOS13Subscripts */ = {
			isa = PBXGroup;
			children = (
				9ECBA369298AD21600D2159A /* Subscripts.swift */,
			);
			path = iOS13Subscripts;
			sourceTree = "<group>";
		};
		9ECBA36B298ADC6200D2159A /* iOS14Generics */ = {
			isa = PBXGroup;
			children = (
				9ECBA36C298ADC7600D2159A /* Generics.swift */,
			);
			path = iOS14Generics;
			sourceTree = "<group>";
		};
/* End PBXGroup section */

/* Begin PBXNativeTarget section */
		9EB6AFB02987163800E882A2 /* SwiftLessonsPlaylist */ = {
			isa = PBXNativeTarget;
			buildConfigurationList = 9EB6AFC52987163900E882A2 /* Build configuration list for PBXNativeTarget "SwiftLessonsPlaylist" */;
			buildPhases = (
				9EB6AFAD2987163800E882A2 /* Sources */,
				9EB6AFAE2987163800E882A2 /* Frameworks */,
				9EB6AFAF2987163800E882A2 /* Resources */,
			);
			buildRules = (
			);
			dependencies = (
			);
			name = SwiftLessonsPlaylist;
			productName = SwiftLessonsPlaylist;
			productReference = 9EB6AFB12987163800E882A2 /* SwiftLessonsPlaylist.app */;
			productType = "com.apple.product-type.application";
		};
/* End PBXNativeTarget section */

/* Begin PBXProject section */
		9EB6AFA92987163800E882A2 /* Project object */ = {
			isa = PBXProject;
			attributes = {
				BuildIndependentTargetsInParallel = 1;
				LastSwiftUpdateCheck = 1410;
				LastUpgradeCheck = 1410;
				TargetAttributes = {
					9EB6AFB02987163800E882A2 = {
						CreatedOnToolsVersion = 14.1;
					};
				};
			};
			buildConfigurationList = 9EB6AFAC2987163800E882A2 /* Build configuration list for PBXProject "SwiftLessonsPlaylist" */;
			compatibilityVersion = "Xcode 14.0";
			developmentRegion = en;
			hasScannedForEncodings = 0;
			knownRegions = (
				en,
				Base,
			);
			mainGroup = 9EB6AFA82987163800E882A2;
			productRefGroup = 9EB6AFB22987163800E882A2 /* Products */;
			projectDirPath = "";
			projectRoot = "";
			targets = (
				9EB6AFB02987163800E882A2 /* SwiftLessonsPlaylist */,
			);
		};
/* End PBXProject section */

/* Begin PBXResourcesBuildPhase section */
		9EB6AFAF2987163800E882A2 /* Resources */ = {
			isa = PBXResourcesBuildPhase;
			buildActionMask = 2147483647;
			files = (
				9E51F2E7298C858800AB0895 /* ConcurrencyVC.storyboard in Resources */,
				9EB6AFC12987163900E882A2 /* LaunchScreen.storyboard in Resources */,
				9E5C70A42988A247009AB255 /* TableViewsVC.storyboard in Resources */,
				9EB6AFBE2987163900E882A2 /* Assets.xcassets in Resources */,
				9E29205F29871F01002FB8E0 /* IBOutletVC.storyboard in Resources */,
				9ECBA362298AC66800D2159A /* CollectionViewVC.storyboard in Resources */,
				9EB6AFCA298719F600E882A2 /* ObserverCommunicationNav.storyboard in Resources */,
				9E5C70A129889857009AB255 /* ScrollViewAutoLayoutVC.storyboard in Resources */,
				9E29205C29871DD5002FB8E0 /* ChungusLaunchScreen.storyboard in Resources */,
				9EB6AFBC2987163800E882A2 /* Main.storyboard in Resources */,
				9EB6AFCF29871D0700E882A2 /* LoginPageViewController.storyboard in Resources */,
				9E4AA351298760D400A97619 /* DelegateCommunicationVC.storyboard in Resources */,
			);
			runOnlyForDeploymentPostprocessing = 0;
		};
/* End PBXResourcesBuildPhase section */

/* Begin PBXSourcesBuildPhase section */
		9EB6AFAD2987163800E882A2 /* Sources */ = {
			isa = PBXSourcesBuildPhase;
			buildActionMask = 2147483647;
			files = (
				9ECBA36A298AD21600D2159A /* Subscripts.swift in Sources */,
				9E292064298724A0002FB8E0 /* FirstObserverViewController.swift in Sources */,
				9EB6AFB92987163800E882A2 /* ViewController.swift in Sources */,
				9E049867298F4B7E00E327EA /* RetainCycleViewController.swift in Sources */,
				9E5C70A62988A294009AB255 /* TableViewsViewController.swift in Sources */,
				9E51F2E9298C85DF00AB0895 /* ConcurrencyViewController.swift in Sources */,
				9EB6AFB52987163800E882A2 /* AppDelegate.swift in Sources */,
				9E4AA3552987610A00A97619 /* BulbSwitchViewController.swift in Sources */,
				9ECBA367298ACF1E00D2159A /* AssociatedValues.swift in Sources */,
				9E29206129871F4B002FB8E0 /* IBOutletViewController.swift in Sources */,
				9ECBA364298AC7AD00D2159A /* CollectionViewViewController.swift in Sources */,
				9ECBA36D298ADC7600D2159A /* Generics.swift in Sources */,
				9E292066298724B1002FB8E0 /* SecondObserverViewController.swift in Sources */,
				9E292068298724BE002FB8E0 /* ThirdObserverViewController.swift in Sources */,
				9E51F2E4298C836E00AB0895 /* MovieCollectionViewCell.swift in Sources */,
				9EB6AFB72987163800E882A2 /* SceneDelegate.swift in Sources */,
				9E4AA353298760FC00A97619 /* BulbViewController.swift in Sources */,
			);
			runOnlyForDeploymentPostprocessing = 0;
		};
/* End PBXSourcesBuildPhase section */

/* Begin PBXVariantGroup section */
		9EB6AFBA2987163800E882A2 /* Main.storyboard */ = {
			isa = PBXVariantGroup;
			children = (
				9EB6AFBB2987163800E882A2 /* Base */,
			);
			name = Main.storyboard;
			sourceTree = "<group>";
		};
		9EB6AFBF2987163900E882A2 /* LaunchScreen.storyboard */ = {
			isa = PBXVariantGroup;
			children = (
				9EB6AFC02987163900E882A2 /* Base */,
			);
			name = LaunchScreen.storyboard;
			sourceTree = "<group>";
		};
/* End PBXVariantGroup section */

/* Begin XCBuildConfiguration section */
		9EB6AFC32987163900E882A2 /* Debug */ = {
			isa = XCBuildConfiguration;
			buildSettings = {
				ALWAYS_SEARCH_USER_PATHS = NO;
				CLANG_ANALYZER_NONNULL = YES;
				CLANG_ANALYZER_NUMBER_OBJECT_CONVERSION = YES_AGGRESSIVE;
				CLANG_CXX_LANGUAGE_STANDARD = "gnu++20";
				CLANG_ENABLE_MODULES = YES;
				CLANG_ENABLE_OBJC_ARC = YES;
				CLANG_ENABLE_OBJC_WEAK = YES;
				CLANG_WARN_BLOCK_CAPTURE_AUTORELEASING = YES;
				CLANG_WARN_BOOL_CONVERSION = YES;
				CLANG_WARN_COMMA = YES;
				CLANG_WARN_CONSTANT_CONVERSION = YES;
				CLANG_WARN_DEPRECATED_OBJC_IMPLEMENTATIONS = YES;
				CLANG_WARN_DIRECT_OBJC_ISA_USAGE = YES_ERROR;
				CLANG_WARN_DOCUMENTATION_COMMENTS = YES;
				CLANG_WARN_EMPTY_BODY = YES;
				CLANG_WARN_ENUM_CONVERSION = YES;
				CLANG_WARN_INFINITE_RECURSION = YES;
				CLANG_WARN_INT_CONVERSION = YES;
				CLANG_WARN_NON_LITERAL_NULL_CONVERSION = YES;
				CLANG_WARN_OBJC_IMPLICIT_RETAIN_SELF = YES;
				CLANG_WARN_OBJC_LITERAL_CONVERSION = YES;
				CLANG_WARN_OBJC_ROOT_CLASS = YES_ERROR;
				CLANG_WARN_QUOTED_INCLUDE_IN_FRAMEWORK_HEADER = YES;
				CLANG_WARN_RANGE_LOOP_ANALYSIS = YES;
				CLANG_WARN_STRICT_PROTOTYPES = YES;
				CLANG_WARN_SUSPICIOUS_MOVE = YES;
				CLANG_WARN_UNGUARDED_AVAILABILITY = YES_AGGRESSIVE;
				CLANG_WARN_UNREACHABLE_CODE = YES;
				CLANG_WARN__DUPLICATE_METHOD_MATCH = YES;
				COPY_PHASE_STRIP = NO;
				DEBUG_INFORMATION_FORMAT = dwarf;
				ENABLE_STRICT_OBJC_MSGSEND = YES;
				ENABLE_TESTABILITY = YES;
				GCC_C_LANGUAGE_STANDARD = gnu11;
				GCC_DYNAMIC_NO_PIC = NO;
				GCC_NO_COMMON_BLOCKS = YES;
				GCC_OPTIMIZATION_LEVEL = 0;
				GCC_PREPROCESSOR_DEFINITIONS = (
					"DEBUG=1",
					"$(inherited)",
				);
				GCC_WARN_64_TO_32_BIT_CONVERSION = YES;
				GCC_WARN_ABOUT_RETURN_TYPE = YES_ERROR;
				GCC_WARN_UNDECLARED_SELECTOR = YES;
				GCC_WARN_UNINITIALIZED_AUTOS = YES_AGGRESSIVE;
				GCC_WARN_UNUSED_FUNCTION = YES;
				GCC_WARN_UNUSED_VARIABLE = YES;
				IPHONEOS_DEPLOYMENT_TARGET = 16.1;
				MTL_ENABLE_DEBUG_INFO = INCLUDE_SOURCE;
				MTL_FAST_MATH = YES;
				ONLY_ACTIVE_ARCH = YES;
				SDKROOT = iphoneos;
				SWIFT_ACTIVE_COMPILATION_CONDITIONS = DEBUG;
				SWIFT_OPTIMIZATION_LEVEL = "-Onone";
			};
			name = Debug;
		};
		9EB6AFC42987163900E882A2 /* Release */ = {
			isa = XCBuildConfiguration;
			buildSettings = {
				ALWAYS_SEARCH_USER_PATHS = NO;
				CLANG_ANALYZER_NONNULL = YES;
				CLANG_ANALYZER_NUMBER_OBJECT_CONVERSION = YES_AGGRESSIVE;
				CLANG_CXX_LANGUAGE_STANDARD = "gnu++20";
				CLANG_ENABLE_MODULES = YES;
				CLANG_ENABLE_OBJC_ARC = YES;
				CLANG_ENABLE_OBJC_WEAK = YES;
				CLANG_WARN_BLOCK_CAPTURE_AUTORELEASING = YES;
				CLANG_WARN_BOOL_CONVERSION = YES;
				CLANG_WARN_COMMA = YES;
				CLANG_WARN_CONSTANT_CONVERSION = YES;
				CLANG_WARN_DEPRECATED_OBJC_IMPLEMENTATIONS = YES;
				CLANG_WARN_DIRECT_OBJC_ISA_USAGE = YES_ERROR;
				CLANG_WARN_DOCUMENTATION_COMMENTS = YES;
				CLANG_WARN_EMPTY_BODY = YES;
				CLANG_WARN_ENUM_CONVERSION = YES;
				CLANG_WARN_INFINITE_RECURSION = YES;
				CLANG_WARN_INT_CONVERSION = YES;
				CLANG_WARN_NON_LITERAL_NULL_CONVERSION = YES;
				CLANG_WARN_OBJC_IMPLICIT_RETAIN_SELF = YES;
				CLANG_WARN_OBJC_LITERAL_CONVERSION = YES;
				CLANG_WARN_OBJC_ROOT_CLASS = YES_ERROR;
				CLANG_WARN_QUOTED_INCLUDE_IN_FRAMEWORK_HEADER = YES;
				CLANG_WARN_RANGE_LOOP_ANALYSIS = YES;
				CLANG_WARN_STRICT_PROTOTYPES = YES;
				CLANG_WARN_SUSPICIOUS_MOVE = YES;
				CLANG_WARN_UNGUARDED_AVAILABILITY = YES_AGGRESSIVE;
				CLANG_WARN_UNREACHABLE_CODE = YES;
				CLANG_WARN__DUPLICATE_METHOD_MATCH = YES;
				COPY_PHASE_STRIP = NO;
				DEBUG_INFORMATION_FORMAT = "dwarf-with-dsym";
				ENABLE_NS_ASSERTIONS = NO;
				ENABLE_STRICT_OBJC_MSGSEND = YES;
				GCC_C_LANGUAGE_STANDARD = gnu11;
				GCC_NO_COMMON_BLOCKS = YES;
				GCC_WARN_64_TO_32_BIT_CONVERSION = YES;
				GCC_WARN_ABOUT_RETURN_TYPE = YES_ERROR;
				GCC_WARN_UNDECLARED_SELECTOR = YES;
				GCC_WARN_UNINITIALIZED_AUTOS = YES_AGGRESSIVE;
				GCC_WARN_UNUSED_FUNCTION = YES;
				GCC_WARN_UNUSED_VARIABLE = YES;
				IPHONEOS_DEPLOYMENT_TARGET = 16.1;
				MTL_ENABLE_DEBUG_INFO = NO;
				MTL_FAST_MATH = YES;
				SDKROOT = iphoneos;
				SWIFT_COMPILATION_MODE = wholemodule;
				SWIFT_OPTIMIZATION_LEVEL = "-O";
				VALIDATE_PRODUCT = YES;
			};
			name = Release;
		};
		9EB6AFC62987163900E882A2 /* Debug */ = {
			isa = XCBuildConfiguration;
			buildSettings = {
				ASSETCATALOG_COMPILER_APPICON_NAME = AppIcon;
				ASSETCATALOG_COMPILER_GLOBAL_ACCENT_COLOR_NAME = AccentColor;
				CODE_SIGN_STYLE = Automatic;
				CURRENT_PROJECT_VERSION = 1;
				DEVELOPMENT_TEAM = MDPY9LF665;
				GENERATE_INFOPLIST_FILE = YES;
				INFOPLIST_FILE = SwiftLessonsPlaylist/Info.plist;
				INFOPLIST_KEY_UIApplicationSupportsIndirectInputEvents = YES;
				INFOPLIST_KEY_UILaunchStoryboardName = ChungusLaunchScreen.storyboard;
				INFOPLIST_KEY_UIMainStoryboardFile = LoginPageViewController;
				INFOPLIST_KEY_UISupportedInterfaceOrientations_iPad = "UIInterfaceOrientationPortrait UIInterfaceOrientationPortraitUpsideDown UIInterfaceOrientationLandscapeLeft UIInterfaceOrientationLandscapeRight";
				INFOPLIST_KEY_UISupportedInterfaceOrientations_iPhone = "UIInterfaceOrientationPortrait UIInterfaceOrientationLandscapeLeft UIInterfaceOrientationLandscapeRight";
				LD_RUNPATH_SEARCH_PATHS = (
					"$(inherited)",
					"@executable_path/Frameworks",
				);
				MARKETING_VERSION = 1.0;
				PRODUCT_BUNDLE_IDENTIFIER = com.Primike.SwiftLessonsPlaylist;
				PRODUCT_NAME = "$(TARGET_NAME)";
				SWIFT_EMIT_LOC_STRINGS = YES;
				SWIFT_VERSION = 5.0;
				TARGETED_DEVICE_FAMILY = "1,2";
			};
			name = Debug;
		};
		9EB6AFC72987163900E882A2 /* Release */ = {
			isa = XCBuildConfiguration;
			buildSettings = {
				ASSETCATALOG_COMPILER_APPICON_NAME = AppIcon;
				ASSETCATALOG_COMPILER_GLOBAL_ACCENT_COLOR_NAME = AccentColor;
				CODE_SIGN_STYLE = Automatic;
				CURRENT_PROJECT_VERSION = 1;
				DEVELOPMENT_TEAM = MDPY9LF665;
				GENERATE_INFOPLIST_FILE = YES;
				INFOPLIST_FILE = SwiftLessonsPlaylist/Info.plist;
				INFOPLIST_KEY_UIApplicationSupportsIndirectInputEvents = YES;
				INFOPLIST_KEY_UILaunchStoryboardName = ChungusLaunchScreen.storyboard;
				INFOPLIST_KEY_UIMainStoryboardFile = LoginPageViewController;
				INFOPLIST_KEY_UISupportedInterfaceOrientations_iPad = "UIInterfaceOrientationPortrait UIInterfaceOrientationPortraitUpsideDown UIInterfaceOrientationLandscapeLeft UIInterfaceOrientationLandscapeRight";
				INFOPLIST_KEY_UISupportedInterfaceOrientations_iPhone = "UIInterfaceOrientationPortrait UIInterfaceOrientationLandscapeLeft UIInterfaceOrientationLandscapeRight";
				LD_RUNPATH_SEARCH_PATHS = (
					"$(inherited)",
					"@executable_path/Frameworks",
				);
				MARKETING_VERSION = 1.0;
				PRODUCT_BUNDLE_IDENTIFIER = com.Primike.SwiftLessonsPlaylist;
				PRODUCT_NAME = "$(TARGET_NAME)";
				SWIFT_EMIT_LOC_STRINGS = YES;
				SWIFT_VERSION = 5.0;
				TARGETED_DEVICE_FAMILY = "1,2";
			};
			name = Release;
		};
/* End XCBuildConfiguration section */

/* Begin XCConfigurationList section */
		9EB6AFAC2987163800E882A2 /* Build configuration list for PBXProject "SwiftLessonsPlaylist" */ = {
			isa = XCConfigurationList;
			buildConfigurations = (
				9EB6AFC32987163900E882A2 /* Debug */,
				9EB6AFC42987163900E882A2 /* Release */,
			);
			defaultConfigurationIsVisible = 0;
			defaultConfigurationName = Release;
		};
		9EB6AFC52987163900E882A2 /* Build configuration list for PBXNativeTarget "SwiftLessonsPlaylist" */ = {
			isa = XCConfigurationList;
			buildConfigurations = (
				9EB6AFC62987163900E882A2 /* Debug */,
				9EB6AFC72987163900E882A2 /* Release */,
			);
			defaultConfigurationIsVisible = 0;
			defaultConfigurationName = Release;
		};
/* End XCConfigurationList section */
	};
	rootObject = 9EB6AFA92987163800E882A2 /* Project object */;
}
